
Microsoft Visual Studio Solution File, Format Version 12.00
# Visual Studio 14
VisualStudioVersion = 14.0.25420.1
MinimumVisualStudioVersion = 10.0.40219.1
Project("{2150E333-8FDC-42A3-9474-1A3956D46DE8}") = "A_Config", "A_Config", "{7687F45F-360C-4E9E-8705-6E53972C0D23}"
EndProject
Project("{2150E333-8FDC-42A3-9474-1A3956D46DE8}") = "B_Common", "B_Common", "{F2630BCA-AAD5-49C0-B46B-28DA2690C8B8}"
EndProject
Project("{2150E333-8FDC-42A3-9474-1A3956D46DE8}") = "C_Data", "C_Data", "{5D331035-06C4-4497-A830-CA528AE4F990}"
EndProject
Project("{2150E333-8FDC-42A3-9474-1A3956D46DE8}") = "D_Services", "D_Services", "{7787F492-FDE1-4DAF-8821-85E926976F08}"
EndProject
Project("{2150E333-8FDC-42A3-9474-1A3956D46DE8}") = "E_Api", "E_Api", "{5BD9D8B3-3128-433F-9952-6B0EFC2393EB}"
EndProject
Project("{2150E333-8FDC-42A3-9474-1A3956D46DE8}") = "F_App", "F_App", "{542680FB-F2F0-4ACE-97FB-7C33748D0BA2}"
EndProject
Project("{2150E333-8FDC-42A3-9474-1A3956D46DE8}") = "T_Test", "T_Test", "{42E0DF07-891D-413F-BD41-40A32935D0B8}"
EndProject
Project("{2150E333-8FDC-42A3-9474-1A3956D46DE8}") = "3_Web", "3_Web", "{5893DA46-05DF-4732-A3EE-EE135F42FC8A}"
EndProject
Project("{2150E333-8FDC-42A3-9474-1A3956D46DE8}") = "2_Winform", "2_Winform", "{49682154-B844-438B-9379-6E1D365A6CC3}"
EndProject
Project("{2150E333-8FDC-42A3-9474-1A3956D46DE8}") = "G_Documentation", "G_Documentation", "{828FE9DC-D072-4245-92C9-672A7BD77A39}"
EndProject
Project("{2150E333-8FDC-42A3-9474-1A3956D46DE8}") = "1_Servers", "1_Servers", "{3E9244E8-3002-4314-9646-C26D5655FFBA}"
EndProject
Project("{FAE04EC0-301F-11D3-BF4B-00C04F79EFBC}") = "Common.DataEntity", "B_Common\Common.DataEntity\Common.DataEntity.csproj", "{BD34E03A-678D-4DEA-AC36-F3A71AC5EC7A}"
EndProject
Project("{FAE04EC0-301F-11D3-BF4B-00C04F79EFBC}") = "Common.Logging", "B_Common\Common.Logging\Common.Logging.csproj", "{09B7FA53-1B1C-4199-91BB-0EABE1A280DA}"
EndProject
Project("{FAE04EC0-301F-11D3-BF4B-00C04F79EFBC}") = "Common.MvcPager", "B_Common\Common.MvcPager\Common.MvcPager.csproj", "{EB54AA5A-1F91-4FDD-8E36-75EA8BE6CE7D}"
EndProject
Project("{FAE04EC0-301F-11D3-BF4B-00C04F79EFBC}") = "Common.Repository.SqlSugar", "B_Common\Common.Repository\Common.Repository.SqlSugar.csproj", "{20F5D29C-BB62-461D-82C2-D9CCAB707DFD}"
EndProject
Project("{FAE04EC0-301F-11D3-BF4B-00C04F79EFBC}") = "Common.Tools", "B_Common\Common.Tools\Common.Tools.csproj", "{B0CB5C13-B334-4DA8-8267-2E2B42B9F023}"
EndProject
Project("{FAE04EC0-301F-11D3-BF4B-00C04F79EFBC}") = "Common.Web", "B_Common\Common.Web\Common.Web.csproj", "{50B05137-7608-4607-A278-70AE46752881}"
EndProject
Project("{FAE04EC0-301F-11D3-BF4B-00C04F79EFBC}") = "Common.WebEntity", "B_Common\Common.WebEntity\Common.WebEntity.csproj", "{915810E8-DABF-452D-A33E-F82057132DE6}"
EndProject
Project("{FAE04EC0-301F-11D3-BF4B-00C04F79EFBC}") = "MyFramework.Common", "B_Common\MyFramework.Common\MyFramework.Common.csproj", "{A7DFE904-5189-49CE-A1CD-E00D93A3B980}"
EndProject
Project("{FAE04EC0-301F-11D3-BF4B-00C04F79EFBC}") = "MySqlSugar", "B_Common\MySqlSugar\MySqlSugar.csproj", "{46A17E67-7E3E-4369-9B1F-43BA34BBDAEF}"
EndProject
Project("{2150E333-8FDC-42A3-9474-1A3956D46DE8}") = ".nuget", ".nuget", "{81A2418B-A042-4CC3-9AB1-4A6F4F578685}"
	ProjectSection(SolutionItems) = preProject
		.nuget\NuGet.Config = .nuget\NuGet.Config
		.nuget\NuGet.exe = .nuget\NuGet.exe
		.nuget\NuGet.targets = .nuget\NuGet.targets
	EndProjectSection
EndProject
Project("{2150E333-8FDC-42A3-9474-1A3956D46DE8}") = "MySqlData", "MySqlData", "{C9A4B463-762B-427D-B4E3-6F7D29956123}"
EndProject
Project("{2150E333-8FDC-42A3-9474-1A3956D46DE8}") = "RedisData", "RedisData", "{ABCF80B7-FFD4-4AA3-A2C1-958E3F07556B}"
EndProject
Project("{FAE04EC0-301F-11D3-BF4B-00C04F79EFBC}") = "AdminCenter", "F_App\3_Web\AdminCenter\AdminCenter.csproj", "{9BDCDAAF-AE76-4648-A2C0-39D6C960605D}"
EndProject
Project("{FAE04EC0-301F-11D3-BF4B-00C04F79EFBC}") = "Servers.JobServer", "F_App\1_Servers\Servers.JobServer\Servers.JobServer.csproj", "{FB04B48D-6782-44C5-932C-F01E51C6D022}"
EndProject
Project("{FAE04EC0-301F-11D3-BF4B-00C04F79EFBC}") = "Common.RedisHelper", "B_Common\Common.RedisHelper\Common.RedisHelper.csproj", "{677F5C6B-CEEC-485B-AAC1-66913F814535}"
EndProject
Project("{2150E333-8FDC-42A3-9474-1A3956D46DE8}") = "Jobs", "Jobs", "{DF3EE818-4326-401C-BDC7-EC98CEF5561F}"
EndProject
Project("{2150E333-8FDC-42A3-9474-1A3956D46DE8}") = "Business", "Business", "{2A82AF64-A7F0-4DFC-B110-71F7D7964E43}"
EndProject
Global
	GlobalSection(SolutionConfigurationPlatforms) = preSolution
		Debug|Any CPU = Debug|Any CPU
		Release|Any CPU = Release|Any CPU
	EndGlobalSection
	GlobalSection(ProjectConfigurationPlatforms) = postSolution
		{BD34E03A-678D-4DEA-AC36-F3A71AC5EC7A}.Debug|Any CPU.ActiveCfg = Debug|Any CPU
		{BD34E03A-678D-4DEA-AC36-F3A71AC5EC7A}.Debug|Any CPU.Build.0 = Debug|Any CPU
		{BD34E03A-678D-4DEA-AC36-F3A71AC5EC7A}.Release|Any CPU.ActiveCfg = Release|Any CPU
		{BD34E03A-678D-4DEA-AC36-F3A71AC5EC7A}.Release|Any CPU.Build.0 = Release|Any CPU
		{09B7FA53-1B1C-4199-91BB-0EABE1A280DA}.Debug|Any CPU.ActiveCfg = Debug|Any CPU
		{09B7FA53-1B1C-4199-91BB-0EABE1A280DA}.Debug|Any CPU.Build.0 = Debug|Any CPU
		{09B7FA53-1B1C-4199-91BB-0EABE1A280DA}.Release|Any CPU.ActiveCfg = Release|Any CPU
		{09B7FA53-1B1C-4199-91BB-0EABE1A280DA}.Release|Any CPU.Build.0 = Release|Any CPU
		{EB54AA5A-1F91-4FDD-8E36-75EA8BE6CE7D}.Debug|Any CPU.ActiveCfg = Debug|Any CPU
		{EB54AA5A-1F91-4FDD-8E36-75EA8BE6CE7D}.Debug|Any CPU.Build.0 = Debug|Any CPU
		{EB54AA5A-1F91-4FDD-8E36-75EA8BE6CE7D}.Release|Any CPU.ActiveCfg = Release|Any CPU
		{EB54AA5A-1F91-4FDD-8E36-75EA8BE6CE7D}.Release|Any CPU.Build.0 = Release|Any CPU
		{20F5D29C-BB62-461D-82C2-D9CCAB707DFD}.Debug|Any CPU.ActiveCfg = Debug|Any CPU
		{20F5D29C-BB62-461D-82C2-D9CCAB707DFD}.Debug|Any CPU.Build.0 = Debug|Any CPU
		{20F5D29C-BB62-461D-82C2-D9CCAB707DFD}.Release|Any CPU.ActiveCfg = Release|Any CPU
		{20F5D29C-BB62-461D-82C2-D9CCAB707DFD}.Release|Any CPU.Build.0 = Release|Any CPU
		{B0CB5C13-B334-4DA8-8267-2E2B42B9F023}.Debug|Any CPU.ActiveCfg = Debug|Any CPU
		{B0CB5C13-B334-4DA8-8267-2E2B42B9F023}.Debug|Any CPU.Build.0 = Debug|Any CPU
		{B0CB5C13-B334-4DA8-8267-2E2B42B9F023}.Release|Any CPU.ActiveCfg = Release|Any CPU
		{B0CB5C13-B334-4DA8-8267-2E2B42B9F023}.Release|Any CPU.Build.0 = Release|Any CPU
		{50B05137-7608-4607-A278-70AE46752881}.Debug|Any CPU.ActiveCfg = Debug|Any CPU
		{50B05137-7608-4607-A278-70AE46752881}.Debug|Any CPU.Build.0 = Debug|Any CPU
		{50B05137-7608-4607-A278-70AE46752881}.Release|Any CPU.ActiveCfg = Release|Any CPU
		{50B05137-7608-4607-A278-70AE46752881}.Release|Any CPU.Build.0 = Release|Any CPU
		{915810E8-DABF-452D-A33E-F82057132DE6}.Debug|Any CPU.ActiveCfg = Debug|Any CPU
		{915810E8-DABF-452D-A33E-F82057132DE6}.Debug|Any CPU.Build.0 = Debug|Any CPU
		{915810E8-DABF-452D-A33E-F82057132DE6}.Release|Any CPU.ActiveCfg = Release|Any CPU
		{915810E8-DABF-452D-A33E-F82057132DE6}.Release|Any CPU.Build.0 = Release|Any CPU
		{A7DFE904-5189-49CE-A1CD-E00D93A3B980}.Debug|Any CPU.ActiveCfg = Debug|Any CPU
		{A7DFE904-5189-49CE-A1CD-E00D93A3B980}.Debug|Any CPU.Build.0 = Debug|Any CPU
		{A7DFE904-5189-49CE-A1CD-E00D93A3B980}.Release|Any CPU.ActiveCfg = Release|Any CPU
		{A7DFE904-5189-49CE-A1CD-E00D93A3B980}.Release|Any CPU.Build.0 = Release|Any CPU
		{46A17E67-7E3E-4369-9B1F-43BA34BBDAEF}.Debug|Any CPU.ActiveCfg = Debug|Any CPU
		{46A17E67-7E3E-4369-9B1F-43BA34BBDAEF}.Debug|Any CPU.Build.0 = Debug|Any CPU
		{46A17E67-7E3E-4369-9B1F-43BA34BBDAEF}.Release|Any CPU.ActiveCfg = Release|Any CPU
		{46A17E67-7E3E-4369-9B1F-43BA34BBDAEF}.Release|Any CPU.Build.0 = Release|Any CPU
		{9BDCDAAF-AE76-4648-A2C0-39D6C960605D}.Debug|Any CPU.ActiveCfg = Debug|Any CPU
		{9BDCDAAF-AE76-4648-A2C0-39D6C960605D}.Debug|Any CPU.Build.0 = Debug|Any CPU
		{9BDCDAAF-AE76-4648-A2C0-39D6C960605D}.Release|Any CPU.ActiveCfg = Release|Any CPU
		{9BDCDAAF-AE76-4648-A2C0-39D6C960605D}.Release|Any CPU.Build.0 = Release|Any CPU
		{FB04B48D-6782-44C5-932C-F01E51C6D022}.Debug|Any CPU.ActiveCfg = Debug|Any CPU
		{FB04B48D-6782-44C5-932C-F01E51C6D022}.Debug|Any CPU.Build.0 = Debug|Any CPU
		{FB04B48D-6782-44C5-932C-F01E51C6D022}.Release|Any CPU.ActiveCfg = Release|Any CPU
		{FB04B48D-6782-44C5-932C-F01E51C6D022}.Release|Any CPU.Build.0 = Release|Any CPU
		{677F5C6B-CEEC-485B-AAC1-66913F814535}.Debug|Any CPU.ActiveCfg = Debug|Any CPU
		{677F5C6B-CEEC-485B-AAC1-66913F814535}.Debug|Any CPU.Build.0 = Debug|Any CPU
		{677F5C6B-CEEC-485B-AAC1-66913F814535}.Release|Any CPU.ActiveCfg = Release|Any CPU
		{677F5C6B-CEEC-485B-AAC1-66913F814535}.Release|Any CPU.Build.0 = Release|Any CPU
	EndGlobalSection
	GlobalSection(SolutionProperties) = preSolution
		HideSolutionNode = FALSE
	EndGlobalSection
	GlobalSection(NestedProjects) = preSolution
		{5893DA46-05DF-4732-A3EE-EE135F42FC8A} = {542680FB-F2F0-4ACE-97FB-7C33748D0BA2}
		{49682154-B844-438B-9379-6E1D365A6CC3} = {542680FB-F2F0-4ACE-97FB-7C33748D0BA2}
		{3E9244E8-3002-4314-9646-C26D5655FFBA} = {542680FB-F2F0-4ACE-97FB-7C33748D0BA2}
		{BD34E03A-678D-4DEA-AC36-F3A71AC5EC7A} = {F2630BCA-AAD5-49C0-B46B-28DA2690C8B8}
		{09B7FA53-1B1C-4199-91BB-0EABE1A280DA} = {F2630BCA-AAD5-49C0-B46B-28DA2690C8B8}
		{EB54AA5A-1F91-4FDD-8E36-75EA8BE6CE7D} = {F2630BCA-AAD5-49C0-B46B-28DA2690C8B8}
		{20F5D29C-BB62-461D-82C2-D9CCAB707DFD} = {F2630BCA-AAD5-49C0-B46B-28DA2690C8B8}
		{B0CB5C13-B334-4DA8-8267-2E2B42B9F023} = {F2630BCA-AAD5-49C0-B46B-28DA2690C8B8}
		{50B05137-7608-4607-A278-70AE46752881} = {F2630BCA-AAD5-49C0-B46B-28DA2690C8B8}
		{915810E8-DABF-452D-A33E-F82057132DE6} = {F2630BCA-AAD5-49C0-B46B-28DA2690C8B8}
		{A7DFE904-5189-49CE-A1CD-E00D93A3B980} = {F2630BCA-AAD5-49C0-B46B-28DA2690C8B8}
		{46A17E67-7E3E-4369-9B1F-43BA34BBDAEF} = {F2630BCA-AAD5-49C0-B46B-28DA2690C8B8}
		{C9A4B463-762B-427D-B4E3-6F7D29956123} = {5D331035-06C4-4497-A830-CA528AE4F990}
		{ABCF80B7-FFD4-4AA3-A2C1-958E3F07556B} = {5D331035-06C4-4497-A830-CA528AE4F990}
		{9BDCDAAF-AE76-4648-A2C0-39D6C960605D} = {5893DA46-05DF-4732-A3EE-EE135F42FC8A}
		{FB04B48D-6782-44C5-932C-F01E51C6D022} = {3E9244E8-3002-4314-9646-C26D5655FFBA}
		{677F5C6B-CEEC-485B-AAC1-66913F814535} = {F2630BCA-AAD5-49C0-B46B-28DA2690C8B8}
		{DF3EE818-4326-401C-BDC7-EC98CEF5561F} = {7787F492-FDE1-4DAF-8821-85E926976F08}
		{2A82AF64-A7F0-4DFC-B110-71F7D7964E43} = {7787F492-FDE1-4DAF-8821-85E926976F08}
	EndGlobalSection
EndGlobal
